// !$*UTF8*$!
{
	archiveVersion = 1;
	classes = {
	};
	objectVersion = 50;
	objects = {

/* Begin PBXBuildFile section */
		8936F04521C9055200BA8115 /* Tag.swift in Sources */ = {isa = PBXBuildFile; fileRef = 8936F04421C9055200BA8115 /* Tag.swift */; };
		8936F05721C90DD300BA8115 /* VoxosonusTests.swift in Sources */ = {isa = PBXBuildFile; fileRef = 8936F05621C90DD300BA8115 /* VoxosonusTests.swift */; };
		8936F05921C90DD300BA8115 /* Voxosonus.framework in Frameworks */ = {isa = PBXBuildFile; fileRef = 89BEB99321BFD1E900C70ADA /* Voxosonus.framework */; };
		89BEB97F21B6913900C70ADA /* LanguageAnalyzer.swift in Sources */ = {isa = PBXBuildFile; fileRef = 89BEB97921B6913900C70ADA /* LanguageAnalyzer.swift */; };
		89BEB98021B6913900C70ADA /* Voxosonus.swift in Sources */ = {isa = PBXBuildFile; fileRef = 89BEB97A21B6913900C70ADA /* Voxosonus.swift */; };
		89BEB98321B6913900C70ADA /* SpeechRecognizer.swift in Sources */ = {isa = PBXBuildFile; fileRef = 89BEB97D21B6913900C70ADA /* SpeechRecognizer.swift */; };
		89BEB98821B691C800C70ADA /* VoxosonusMLModel.mlmodel in Sources */ = {isa = PBXBuildFile; fileRef = 89BEB98521B691C700C70ADA /* VoxosonusMLModel.mlmodel */; };
		89BEB98A21B691C800C70ADA /* Voxosonus.h in Headers */ = {isa = PBXBuildFile; fileRef = 89BEB98721B691C700C70ADA /* Voxosonus.h */; settings = {ATTRIBUTES = (Public, ); }; };
/* End PBXBuildFile section */

/* Begin PBXContainerItemProxy section */
		8936F05A21C90DD300BA8115 /* PBXContainerItemProxy */ = {
			isa = PBXContainerItemProxy;
			containerPortal = 8996944A2187277400F9A052 /* Project object */;
			proxyType = 1;
			remoteGlobalIDString = 899694522187277400F9A052;
			remoteInfo = Voxosonus;
		};
/* End PBXContainerItemProxy section */

/* Begin PBXFileReference section */
		8936F04421C9055200BA8115 /* Tag.swift */ = {isa = PBXFileReference; lastKnownFileType = sourcecode.swift; path = Tag.swift; sourceTree = "<group>"; };
		8936F05421C90DD300BA8115 /* VoxosonusTests.xctest */ = {isa = PBXFileReference; explicitFileType = wrapper.cfbundle; includeInIndex = 0; path = VoxosonusTests.xctest; sourceTree = BUILT_PRODUCTS_DIR; };
		8936F05621C90DD300BA8115 /* VoxosonusTests.swift */ = {isa = PBXFileReference; lastKnownFileType = sourcecode.swift; path = VoxosonusTests.swift; sourceTree = "<group>"; };
		8936F05821C90DD300BA8115 /* Info.plist */ = {isa = PBXFileReference; lastKnownFileType = text.plist.xml; path = Info.plist; sourceTree = "<group>"; };
		89BEB97921B6913900C70ADA /* LanguageAnalyzer.swift */ = {isa = PBXFileReference; fileEncoding = 4; lastKnownFileType = sourcecode.swift; path = LanguageAnalyzer.swift; sourceTree = SOURCE_ROOT; };
		89BEB97A21B6913900C70ADA /* Voxosonus.swift */ = {isa = PBXFileReference; fileEncoding = 4; lastKnownFileType = sourcecode.swift; path = Voxosonus.swift; sourceTree = SOURCE_ROOT; };
		89BEB97B21B6913900C70ADA /* README.md */ = {isa = PBXFileReference; fileEncoding = 4; lastKnownFileType = net.daringfireball.markdown; path = README.md; sourceTree = SOURCE_ROOT; };
		89BEB97C21B6913900C70ADA /* LICENSE */ = {isa = PBXFileReference; fileEncoding = 4; lastKnownFileType = text; path = LICENSE; sourceTree = SOURCE_ROOT; };
		89BEB97D21B6913900C70ADA /* SpeechRecognizer.swift */ = {isa = PBXFileReference; fileEncoding = 4; lastKnownFileType = sourcecode.swift; path = SpeechRecognizer.swift; sourceTree = SOURCE_ROOT; };
		89BEB98521B691C700C70ADA /* VoxosonusMLModel.mlmodel */ = {isa = PBXFileReference; lastKnownFileType = file.mlmodel; path = VoxosonusMLModel.mlmodel; sourceTree = SOURCE_ROOT; };
		89BEB98621B691C700C70ADA /* Info.plist */ = {isa = PBXFileReference; fileEncoding = 4; lastKnownFileType = text.plist.xml; path = Info.plist; sourceTree = SOURCE_ROOT; };
		89BEB98721B691C700C70ADA /* Voxosonus.h */ = {isa = PBXFileReference; fileEncoding = 4; lastKnownFileType = sourcecode.c.h; path = Voxosonus.h; sourceTree = SOURCE_ROOT; };
		89BEB98D21BFCE0C00C70ADA /* MachineLearningTools */ = {isa = PBXFileReference; lastKnownFileType = folder; path = MachineLearningTools; sourceTree = SOURCE_ROOT; };
		89BEB99321BFD1E900C70ADA /* Voxosonus.framework */ = {isa = PBXFileReference; explicitFileType = wrapper.framework; includeInIndex = 0; path = Voxosonus.framework; sourceTree = BUILT_PRODUCTS_DIR; };
/* End PBXFileReference section */

/* Begin PBXFrameworksBuildPhase section */
		8936F05121C90DD300BA8115 /* Frameworks */ = {
			isa = PBXFrameworksBuildPhase;
			buildActionMask = 2147483647;
			files = (
				8936F05921C90DD300BA8115 /* Voxosonus.framework in Frameworks */,
			);
			runOnlyForDeploymentPostprocessing = 0;
		};
		899694502187277400F9A052 /* Frameworks */ = {
			isa = PBXFrameworksBuildPhase;
			buildActionMask = 2147483647;
			files = (
			);
			runOnlyForDeploymentPostprocessing = 0;
		};
/* End PBXFrameworksBuildPhase section */

/* Begin PBXGroup section */
		8936F04321C9053400BA8115 /* Voxosonus */ = {
			isa = PBXGroup;
			children = (
				89BEB98D21BFCE0C00C70ADA /* MachineLearningTools */,
				89BEB98621B691C700C70ADA /* Info.plist */,
				89BEB98721B691C700C70ADA /* Voxosonus.h */,
				89BEB98521B691C700C70ADA /* VoxosonusMLModel.mlmodel */,
				89BEB97921B6913900C70ADA /* LanguageAnalyzer.swift */,
				89BEB97C21B6913900C70ADA /* LICENSE */,
				89BEB97B21B6913900C70ADA /* README.md */,
				89BEB97D21B6913900C70ADA /* SpeechRecognizer.swift */,
				89BEB97A21B6913900C70ADA /* Voxosonus.swift */,
				8936F04421C9055200BA8115 /* Tag.swift */,
			);
			name = Voxosonus;
			sourceTree = "<group>";
		};
		8936F05521C90DD300BA8115 /* VoxosonusTests */ = {
			isa = PBXGroup;
			children = (
				8936F05421C90DD300BA8115 /* VoxosonusTests.xctest */,
				8936F05621C90DD300BA8115 /* VoxosonusTests.swift */,
				8936F05821C90DD300BA8115 /* Info.plist */,
			);
			path = VoxosonusTests;
			sourceTree = "<group>";
		};
		899694492187277400F9A052 = {
			isa = PBXGroup;
			children = (
				8936F04321C9053400BA8115 /* Voxosonus */,
				8936F05521C90DD300BA8115 /* VoxosonusTests */,
				89BEB99321BFD1E900C70ADA /* Voxosonus.framework */,
			);
			sourceTree = "<group>";
		};
/* End PBXGroup section */

/* Begin PBXHeadersBuildPhase section */
		8996944E2187277400F9A052 /* Headers */ = {
			isa = PBXHeadersBuildPhase;
			buildActionMask = 2147483647;
			files = (
				89BEB98A21B691C800C70ADA /* Voxosonus.h in Headers */,
			);
			runOnlyForDeploymentPostprocessing = 0;
		};
/* End PBXHeadersBuildPhase section */

/* Begin PBXNativeTarget section */
		8936F05321C90DD300BA8115 /* VoxosonusTests */ = {
			isa = PBXNativeTarget;
			buildConfigurationList = 8936F05C21C90DD300BA8115 /* Build configuration list for PBXNativeTarget "VoxosonusTests" */;
			buildPhases = (
				8936F05021C90DD300BA8115 /* Sources */,
				8936F05121C90DD300BA8115 /* Frameworks */,
				8936F05221C90DD300BA8115 /* Resources */,
			);
			buildRules = (
			);
			dependencies = (
				8936F05B21C90DD300BA8115 /* PBXTargetDependency */,
			);
			name = VoxosonusTests;
			productName = VoxosonusTests;
			productReference = 8936F05421C90DD300BA8115 /* VoxosonusTests.xctest */;
			productType = "com.apple.product-type.bundle.unit-test";
		};
		899694522187277400F9A052 /* Voxosonus */ = {
			isa = PBXNativeTarget;
			buildConfigurationList = 8996945B2187277400F9A052 /* Build configuration list for PBXNativeTarget "Voxosonus" */;
			buildPhases = (
				8996944E2187277400F9A052 /* Headers */,
				8996944F2187277400F9A052 /* Sources */,
				899694502187277400F9A052 /* Frameworks */,
				899694512187277400F9A052 /* Resources */,
			);
			buildRules = (
			);
			dependencies = (
			);
			name = Voxosonus;
			productName = Voxosonus;
			productReference = 89BEB99321BFD1E900C70ADA /* Voxosonus.framework */;
			productType = "com.apple.product-type.framework";
		};
/* End PBXNativeTarget section */

/* Begin PBXProject section */
		8996944A2187277400F9A052 /* Project object */ = {
			isa = PBXProject;
			attributes = {
				LastSwiftUpdateCheck = 1010;
				LastUpgradeCheck = 1000;
				ORGANIZATIONNAME = "Heerco Grond";
				TargetAttributes = {
					8936F05321C90DD300BA8115 = {
						CreatedOnToolsVersion = 10.1;
					};
					899694522187277400F9A052 = {
						CreatedOnToolsVersion = 10.0;
						LastSwiftMigration = 1010;
					};
				};
			};
			buildConfigurationList = 8996944D2187277400F9A052 /* Build configuration list for PBXProject "Voxosonus" */;
			compatibilityVersion = "Xcode 9.3";
			developmentRegion = en;
			hasScannedForEncodings = 0;
			knownRegions = (
				en,
			);
			mainGroup = 899694492187277400F9A052;
			productRefGroup = 899694492187277400F9A052;
			projectDirPath = "";
			projectRoot = "";
			targets = (
				899694522187277400F9A052 /* Voxosonus */,
				8936F05321C90DD300BA8115 /* VoxosonusTests */,
			);
		};
/* End PBXProject section */

/* Begin PBXResourcesBuildPhase section */
		8936F05221C90DD300BA8115 /* Resources */ = {
			isa = PBXResourcesBuildPhase;
			buildActionMask = 2147483647;
			files = (
			);
			runOnlyForDeploymentPostprocessing = 0;
		};
		899694512187277400F9A052 /* Resources */ = {
			isa = PBXResourcesBuildPhase;
			buildActionMask = 2147483647;
			files = (
			);
			runOnlyForDeploymentPostprocessing = 0;
		};
/* End PBXResourcesBuildPhase section */

/* Begin PBXSourcesBuildPhase section */
		8936F05021C90DD300BA8115 /* Sources */ = {
			isa = PBXSourcesBuildPhase;
			buildActionMask = 2147483647;
			files = (
				8936F05721C90DD300BA8115 /* VoxosonusTests.swift in Sources */,
			);
			runOnlyForDeploymentPostprocessing = 0;
		};
		8996944F2187277400F9A052 /* Sources */ = {
			isa = PBXSourcesBuildPhase;
			buildActionMask = 2147483647;
			files = (
				89BEB98021B6913900C70ADA /* Voxosonus.swift in Sources */,
				89BEB97F21B6913900C70ADA /* LanguageAnalyzer.swift in Sources */,
				8936F04521C9055200BA8115 /* Tag.swift in Sources */,
				89BEB98821B691C800C70ADA /* VoxosonusMLModel.mlmodel in Sources */,
				89BEB98321B6913900C70ADA /* SpeechRecognizer.swift in Sources */,
			);
			runOnlyForDeploymentPostprocessing = 0;
		};
/* End PBXSourcesBuildPhase section */

/* Begin PBXTargetDependency section */
		8936F05B21C90DD300BA8115 /* PBXTargetDependency */ = {
			isa = PBXTargetDependency;
			target = 899694522187277400F9A052 /* Voxosonus */;
			targetProxy = 8936F05A21C90DD300BA8115 /* PBXContainerItemProxy */;
		};
/* End PBXTargetDependency section */

/* Begin XCBuildConfiguration section */
		8936F05D21C90DD300BA8115 /* Debug */ = {
			isa = XCBuildConfiguration;
			buildSettings = {
				CODE_SIGN_STYLE = Automatic;
				DEVELOPMENT_TEAM = SUX35HW2S3;
				INFOPLIST_FILE = VoxosonusTests/Info.plist;
				IPHONEOS_DEPLOYMENT_TARGET = 12.1;
				LD_RUNPATH_SEARCH_PATHS = (
					"$(inherited)",
					"@executable_path/Frameworks",
					"@loader_path/Frameworks",
				);
				PRODUCT_BUNDLE_IDENTIFIER = com.heercoGrond.VoxosonusTests;
				PRODUCT_NAME = "$(TARGET_NAME)";
				SWIFT_VERSION = 4.2;
				TARGETED_DEVICE_FAMILY = "1,2";
			};
			name = Debug;
		};
		8936F05E21C90DD300BA8115 /* Release */ = {
			isa = XCBuildConfiguration;
			buildSettings = {
				CODE_SIGN_STYLE = Automatic;
				DEVELOPMENT_TEAM = SUX35HW2S3;
				INFOPLIST_FILE = VoxosonusTests/Info.plist;
				IPHONEOS_DEPLOYMENT_TARGET = 12.1;
				LD_RUNPATH_SEARCH_PATHS = (
					"$(inherited)",
					"@executable_path/Frameworks",
					"@loader_path/Frameworks",
				);
				PRODUCT_BUNDLE_IDENTIFIER = com.heercoGrond.VoxosonusTests;
				PRODUCT_NAME = "$(TARGET_NAME)";
				SWIFT_VERSION = 4.2;
				TARGETED_DEVICE_FAMILY = "1,2";
			};
			name = Release;
		};
		899694592187277400F9A052 /* Debug */ = {
			isa = XCBuildConfiguration;
			buildSettings = {
				ALWAYS_SEARCH_USER_PATHS = NO;
				CLANG_ANALYZER_NONNULL = YES;
				CLANG_ANALYZER_NUMBER_OBJECT_CONVERSION = YES_AGGRESSIVE;
				CLANG_CXX_LANGUAGE_STANDARD = "gnu++14";
				CLANG_CXX_LIBRARY = "libc++";
				CLANG_ENABLE_MODULES = YES;
				CLANG_ENABLE_OBJC_ARC = YES;
				CLANG_ENABLE_OBJC_WEAK = YES;
				CLANG_WARN_BLOCK_CAPTURE_AUTORELEASING = YES;
				CLANG_WARN_BOOL_CONVERSION = YES;
				CLANG_WARN_COMMA = YES;
				CLANG_WARN_CONSTANT_CONVERSION = YES;
				CLANG_WARN_DEPRECATED_OBJC_IMPLEMENTATIONS = YES;
				CLANG_WARN_DIRECT_OBJC_ISA_USAGE = YES_ERROR;
				CLANG_WARN_DOCUMENTATION_COMMENTS = YES;
				CLANG_WARN_EMPTY_BODY = YES;
				CLANG_WARN_ENUM_CONVERSION = YES;
				CLANG_WARN_INFINITE_RECURSION = YES;
				CLANG_WARN_INT_CONVERSION = YES;
				CLANG_WARN_NON_LITERAL_NULL_CONVERSION = YES;
				CLANG_WARN_OBJC_IMPLICIT_RETAIN_SELF = YES;
				CLANG_WARN_OBJC_LITERAL_CONVERSION = YES;
				CLANG_WARN_OBJC_ROOT_CLASS = YES_ERROR;
				CLANG_WARN_RANGE_LOOP_ANALYSIS = YES;
				CLANG_WARN_STRICT_PROTOTYPES = YES;
				CLANG_WARN_SUSPICIOUS_MOVE = YES;
				CLANG_WARN_UNGUARDED_AVAILABILITY = YES_AGGRESSIVE;
				CLANG_WARN_UNREACHABLE_CODE = YES;
				CLANG_WARN__DUPLICATE_METHOD_MATCH = YES;
				CODE_SIGN_IDENTITY = "iPhone Developer";
				COPY_PHASE_STRIP = NO;
				CURRENT_PROJECT_VERSION = 1;
				DEBUG_INFORMATION_FORMAT = dwarf;
				ENABLE_STRICT_OBJC_MSGSEND = YES;
				ENABLE_TESTABILITY = YES;
				GCC_C_LANGUAGE_STANDARD = gnu11;
				GCC_DYNAMIC_NO_PIC = NO;
				GCC_NO_COMMON_BLOCKS = YES;
				GCC_OPTIMIZATION_LEVEL = 0;
				GCC_PREPROCESSOR_DEFINITIONS = (
					"DEBUG=1",
					"$(inherited)",
				);
				GCC_WARN_64_TO_32_BIT_CONVERSION = YES;
				GCC_WARN_ABOUT_RETURN_TYPE = YES_ERROR;
				GCC_WARN_UNDECLARED_SELECTOR = YES;
				GCC_WARN_UNINITIALIZED_AUTOS = YES_AGGRESSIVE;
				GCC_WARN_UNUSED_FUNCTION = YES;
				GCC_WARN_UNUSED_VARIABLE = YES;
				IPHONEOS_DEPLOYMENT_TARGET = 12.0;
				MTL_ENABLE_DEBUG_INFO = INCLUDE_SOURCE;
				MTL_FAST_MATH = YES;
				ONLY_ACTIVE_ARCH = YES;
				SDKROOT = iphoneos;
				SWIFT_ACTIVE_COMPILATION_CONDITIONS = DEBUG;
				SWIFT_OPTIMIZATION_LEVEL = "-Onone";
				VERSIONING_SYSTEM = "apple-generic";
				VERSION_INFO_PREFIX = "";
			};
			name = Debug;
		};
		8996945A2187277400F9A052 /* Release */ = {
			isa = XCBuildConfiguration;
			buildSettings = {
				ALWAYS_SEARCH_USER_PATHS = NO;
				CLANG_ANALYZER_NONNULL = YES;
				CLANG_ANALYZER_NUMBER_OBJECT_CONVERSION = YES_AGGRESSIVE;
				CLANG_CXX_LANGUAGE_STANDARD = "gnu++14";
				CLANG_CXX_LIBRARY = "libc++";
				CLANG_ENABLE_MODULES = YES;
				CLANG_ENABLE_OBJC_ARC = YES;
				CLANG_ENABLE_OBJC_WEAK = YES;
				CLANG_WARN_BLOCK_CAPTURE_AUTORELEASING = YES;
				CLANG_WARN_BOOL_CONVERSION = YES;
				CLANG_WARN_COMMA = YES;
				CLANG_WARN_CONSTANT_CONVERSION = YES;
				CLANG_WARN_DEPRECATED_OBJC_IMPLEMENTATIONS = YES;
				CLANG_WARN_DIRECT_OBJC_ISA_USAGE = YES_ERROR;
				CLANG_WARN_DOCUMENTATION_COMMENTS = YES;
				CLANG_WARN_EMPTY_BODY = YES;
				CLANG_WARN_ENUM_CONVERSION = YES;
				CLANG_WARN_INFINITE_RECURSION = YES;
				CLANG_WARN_INT_CONVERSION = YES;
				CLANG_WARN_NON_LITERAL_NULL_CONVERSION = YES;
				CLANG_WARN_OBJC_IMPLICIT_RETAIN_SELF = YES;
				CLANG_WARN_OBJC_LITERAL_CONVERSION = YES;
				CLANG_WARN_OBJC_ROOT_CLASS = YES_ERROR;
				CLANG_WARN_RANGE_LOOP_ANALYSIS = YES;
				CLANG_WARN_STRICT_PROTOTYPES = YES;
				CLANG_WARN_SUSPICIOUS_MOVE = YES;
				CLANG_WARN_UNGUARDED_AVAILABILITY = YES_AGGRESSIVE;
				CLANG_WARN_UNREACHABLE_CODE = YES;
				CLANG_WARN__DUPLICATE_METHOD_MATCH = YES;
				CODE_SIGN_IDENTITY = "iPhone Developer";
				COPY_PHASE_STRIP = NO;
				CURRENT_PROJECT_VERSION = 1;
				DEBUG_INFORMATION_FORMAT = "dwarf-with-dsym";
				ENABLE_NS_ASSERTIONS = NO;
				ENABLE_STRICT_OBJC_MSGSEND = YES;
				GCC_C_LANGUAGE_STANDARD = gnu11;
				GCC_NO_COMMON_BLOCKS = YES;
				GCC_WARN_64_TO_32_BIT_CONVERSION = YES;
				GCC_WARN_ABOUT_RETURN_TYPE = YES_ERROR;
				GCC_WARN_UNDECLARED_SELECTOR = YES;
				GCC_WARN_UNINITIALIZED_AUTOS = YES_AGGRESSIVE;
				GCC_WARN_UNUSED_FUNCTION = YES;
				GCC_WARN_UNUSED_VARIABLE = YES;
				IPHONEOS_DEPLOYMENT_TARGET = 12.0;
				MTL_ENABLE_DEBUG_INFO = NO;
				MTL_FAST_MATH = YES;
				SDKROOT = iphoneos;
				SWIFT_COMPILATION_MODE = wholemodule;
				SWIFT_OPTIMIZATION_LEVEL = "-O";
				VALIDATE_PRODUCT = YES;
				VERSIONING_SYSTEM = "apple-generic";
				VERSION_INFO_PREFIX = "";
			};
			name = Release;
		};
		8996945C2187277400F9A052 /* Debug */ = {
			isa = XCBuildConfiguration;
			buildSettings = {
				CLANG_ENABLE_MODULES = YES;
				CODE_SIGN_IDENTITY = "";
				CODE_SIGN_STYLE = Automatic;
				DEFINES_MODULE = YES;
				DEVELOPMENT_TEAM = SUX35HW2S3;
				DYLIB_COMPATIBILITY_VERSION = 1;
				DYLIB_CURRENT_VERSION = 1;
				DYLIB_INSTALL_NAME_BASE = "@rpath";
				INFOPLIST_FILE = "$(SRCROOT)/Info.plist";
				INSTALL_PATH = "$(LOCAL_LIBRARY_DIR)/Frameworks";
				IPHONEOS_DEPLOYMENT_TARGET = 12.0;
				LD_RUNPATH_SEARCH_PATHS = (
					"$(inherited)",
					"@executable_path/Frameworks",
					"@loader_path/Frameworks",
				);
				PRODUCT_BUNDLE_IDENTIFIER = com.heercoGrond.Voxosonus;
				PRODUCT_NAME = "$(TARGET_NAME:c99extidentifier)";
				SKIP_INSTALL = NO;
				SWIFT_OPTIMIZATION_LEVEL = "-Onone";
				SWIFT_VERSION = 4.2;
				TARGETED_DEVICE_FAMILY = "1,2";
			};
			name = Debug;
		};
		8996945D2187277400F9A052 /* Release */ = {
			isa = XCBuildConfiguration;
			buildSettings = {
				CLANG_ENABLE_MODULES = YES;
				CODE_SIGN_IDENTITY = "";
				CODE_SIGN_STYLE = Automatic;
				DEFINES_MODULE = YES;
				DEVELOPMENT_TEAM = SUX35HW2S3;
				DYLIB_COMPATIBILITY_VERSION = 1;
				DYLIB_CURRENT_VERSION = 1;
				DYLIB_INSTALL_NAME_BASE = "@rpath";
				INFOPLIST_FILE = "$(SRCROOT)/Info.plist";
				INSTALL_PATH = "$(LOCAL_LIBRARY_DIR)/Frameworks";
				IPHONEOS_DEPLOYMENT_TARGET = 12.0;
				LD_RUNPATH_SEARCH_PATHS = (
					"$(inherited)",
					"@executable_path/Frameworks",
					"@loader_path/Frameworks",
				);
				PRODUCT_BUNDLE_IDENTIFIER = com.heercoGrond.Voxosonus;
				PRODUCT_NAME = "$(TARGET_NAME:c99extidentifier)";
				SKIP_INSTALL = NO;
				SWIFT_VERSION = 4.2;
				TARGETED_DEVICE_FAMILY = "1,2";
			};
			name = Release;
		};
/* End XCBuildConfiguration section */

/* Begin XCConfigurationList section */
		8936F05C21C90DD300BA8115 /* Build configuration list for PBXNativeTarget "VoxosonusTests" */ = {
			isa = XCConfigurationList;
			buildConfigurations = (
				8936F05D21C90DD300BA8115 /* Debug */,
				8936F05E21C90DD300BA8115 /* Release */,
			);
			defaultConfigurationIsVisible = 0;
			defaultConfigurationName = Release;
		};
		8996944D2187277400F9A052 /* Build configuration list for PBXProject "Voxosonus" */ = {
			isa = XCConfigurationList;
			buildConfigurations = (
				899694592187277400F9A052 /* Debug */,
				8996945A2187277400F9A052 /* Release */,
			);
			defaultConfigurationIsVisible = 0;
			defaultConfigurationName = Release;
		};
		8996945B2187277400F9A052 /* Build configuration list for PBXNativeTarget "Voxosonus" */ = {
			isa = XCConfigurationList;
			buildConfigurations = (
				8996945C2187277400F9A052 /* Debug */,
				8996945D2187277400F9A052 /* Release */,
			);
			defaultConfigurationIsVisible = 0;
			defaultConfigurationName = Release;
		};
/* End XCConfigurationList section */
	};
	rootObject = 8996944A2187277400F9A052 /* Project object */;
}
